
Microsoft Visual Studio Solution File, Format Version 12.00
# Visual Studio Version 17
VisualStudioVersion = 17.4.33213.308
MinimumVisualStudioVersion = 10.0.40219.1
Project("{9A19103F-16F7-4668-BE54-9A1E7A4F7556}") = "BankApp", "BankApp\BankApp.csproj", "{5D149B6C-F127-45AE-AAA3-919CB4079FD5}"
EndProject
Project("{FAE04EC0-301F-11D3-BF4B-00C04F79EFBC}") = "BankTests", "BankTests\BankTests.csproj", "{60EF72B5-6930-4D2D-BEF3-802A5042CCCE}"
EndProject
Global
	GlobalSection(SolutionConfigurationPlatforms) = preSolution
		Debug|Any CPU = Debug|Any CPU
		Release|Any CPU = Release|Any CPU
	EndGlobalSection
	GlobalSection(ProjectConfigurationPlatforms) = postSolution
		{5D149B6C-F127-45AE-AAA3-919CB4079FD5}.Debug|Any CPU.ActiveCfg = Debug|Any CPU
		{5D149B6C-F127-45AE-AAA3-919CB4079FD5}.Debug|Any CPU.Build.0 = Debug|Any CPU
		{5D149B6C-F127-45AE-AAA3-919CB4079FD5}.Release|Any CPU.ActiveCfg = Release|Any CPU
		{5D149B6C-F127-45AE-AAA3-919CB4079FD5}.Release|Any CPU.Build.0 = Release|Any CPU
		{60EF72B5-6930-4D2D-BEF3-802A5042CCCE}.Debug|Any CPU.ActiveCfg = Debug|Any CPU
		{60EF72B5-6930-4D2D-BEF3-802A5042CCCE}.Debug|Any CPU.Build.0 = Debug|Any CPU
		{60EF72B5-6930-4D2D-BEF3-802A5042CCCE}.Release|Any CPU.ActiveCfg = Release|Any CPU
		{60EF72B5-6930-4D2D-BEF3-802A5042CCCE}.Release|Any CPU.Build.0 = Release|Any CPU
	EndGlobalSection
	GlobalSection(SolutionProperties) = preSolution
		HideSolutionNode = FALSE
	EndGlobalSection
	GlobalSection(ExtensibilityGlobals) = postSolution
		SolutionGuid = {448FB5CE-182A-4988-9C06-1DBDBB8CAD8F}
	EndGlobalSection
EndGlobal
